{
    "_meta": {
        "hash": {
            "sha256": "851d907d44da1c428befc8b17708a707d464ed54c533ce7ec8b1950f70a053bc"
        },
        "pipfile-spec": 6,
        "requires": {},
        "sources": [
            {
                "name": "pypi",
                "url": "https://pypi.python.org/simple",
                "verify_ssl": true
            }
        ]
    },
    "default": {
        "asgiref": {
            "hashes": [
                "sha256:7e06d934a7718bf3975acbf87780ba678957b87c7adc056f13b6215d610695a0",
                "sha256:ea448f92fc35a0ef4b1508f53a04c4670255a3f33d22a81c8fc9c872036adbe5"
            ],
            "version": "==3.2.3"
        },
        "django": {
            "hashes": [
                "sha256:2f1ba1db8648484dd5c238fb62504777b7ad090c81c5f1fd8d5eb5ec21b5f283",
                "sha256:c91c91a7ad6ef67a874a4f76f58ba534f9208412692a840e1d125eb5c279cb0a"
            ],
            "index": "pypi",
            "version": "==3.0.3"
        },
        "django-attachments": {
            "editable": true,
            "extras": [
                "test"
            ],
            "path": "."
        },
        "pytz": {
            "hashes": [
                "sha256:1c557d7d0e871de1f5ccd5833f60fb2550652da6be2693c1e02300743d21500d",
                "sha256:b02c06db6cf09c12dd25137e563b31700d3b80fcc4ad23abb7a315f2789819be"
            ],
            "version": "==2019.3"
        },
        "sqlparse": {
            "hashes": [
                "sha256:40afe6b8d4b1117e7dff5504d7a8ce07d9a1b15aeeade8a2d10f130a834f8177",
                "sha256:7c3dca29c022744e95b547e867cee89f4fce4373f3549ccd8797d8eb52cdb873"
            ],
            "version": "==0.3.0"
        }
    },
    "develop": {
        "appdirs": {
            "hashes": [
                "sha256:9e5896d1372858f8dd3344faf4e5014d21849c756c8d5701f78f8a103b372d92",
                "sha256:d8b24664561d0d34ddfaec54636d502d7cea6e29c3eaf68f3df6180863e2166e"
            ],
            "version": "==1.4.3"
        },
        "attrs": {
            "hashes": [
                "sha256:08a96c641c3a74e44eb59afb61a24f2cb9f4d7188748e76ba4bb5edfa3cb7d1c",
                "sha256:f7b7ce16570fe9965acd6d30101a28f62fb4a7f9e926b3bbc9b61f8b04247e72"
            ],
            "version": "==19.3.0"
        },
        "black": {
            "hashes": [
                "sha256:1b30e59be925fafc1ee4565e5e08abef6b03fe455102883820fe5ee2e4734e0b",
                "sha256:c2edb73a08e9e0e6f65a0e6af18b059b8b1cdd5bef997d7a0b181df93dc81539"
            ],
            "index": "pypi",
            "version": "==19.10b0"
        },
        "click": {
            "hashes": [
                "sha256:2335065e6395b9e67ca716de5f7526736bfa6ceead690adf616d925bdc622b13",
                "sha256:5b94b49521f6456670fdb30cd82a4eca9412788a93fa6dd6df72c94d5a8ff2d7"
            ],
            "version": "==7.0"
        },
        "coverage": {
            "hashes": [
                "sha256:2358e685d0253125da42a48396038d4c7b4cd1448c00bbc4bda0cb8c43c2a870",
                "sha256:25017cf384eeed2e6caf72efd3ec4124e32a8b7a4387600499104387975400c7",
                "sha256:2e2de9423ff8b14303a97eafddd16c479fbcc9a0b8b0be3b7c3843a3e0cf6d69",
                "sha256:324ed908e4e40a6e2451056fe502470ad4e79495cb7a03ecab94e6309c3e117e",
                "sha256:34f865a0cf6255b694a46e4383a7131c61ea72c5b4c4f81d20e522fb1e440b4b",
                "sha256:3a2bcc464b60a18f1f7167b95b2773ede93bf3722bfa59e0802717f652b6cc25",
                "sha256:48d70865266d649b6602e2ba94820d7972ef470d3b72a8fd41a3d17321feed3a",
                "sha256:50cf23523ab3a724c6905d3b60f87fa8250d9bae3995e09f49f63effa2b54f15",
                "sha256:54c84a68abd8c4c5b71878b35eb85321df41f3d144c78181867d5b026ec74994",
                "sha256:5b59d661ee7f3200aedd7b71882b7927ea7ed522df75e3853f316a79ad872a2e",
                "sha256:5ffb39624bc573177888a21fb301ccee46838c600b27d58c3e9dae495f44d34a",
                "sha256:699b3072b7f0e69ed175a88fa8b2ec7eefc4f34d490c54ed9a52feff21a15fdc",
                "sha256:79ef4a2bb862110bd585174e551a783bee5c3aa461734a2ac7429193be357589",
                "sha256:8210a6f93c4a8c6d460b402e20e38399529b99200c3318542faf6a520c9b6a5c",
                "sha256:8d30c10cfd0a6fdf0a2d5023de00ef7b329cd6ead2310c9e53eab79c209acb70",
                "sha256:97ac79ff28f2cda6ac00a803ee582b965951755f61ab43377482bfba450b619a",
                "sha256:9fe4aacacff9028ed167db108bf013510654f148d83c4857fed61d2ce0588bf2",
                "sha256:a5b6395d5957d638f8b1870561607e3c39b1a236ea6cff9eafe5b9bb1db913f2",
                "sha256:ab32c5fad6905986a7e34e3acf01180a69bb60c2aa7331815b46e51c776a1943",
                "sha256:ad67f0cfdfecbd49b9da46a7e488e6dc32a69388740b85c36a4ef4b33082cbad",
                "sha256:aedad67c30326a1af324f45833a40b97180664912deb29942459ddbe9fa0ce19",
                "sha256:b077cd0e70f41366ac1f9d09275258fa1906758a5d4f31cacc18b10dfcf90784",
                "sha256:b8ea210810d3c14aec7561f8fe0d3eec582d1088100aaa0bb8153d53d867d20f",
                "sha256:bf572722326ce6704e863447a070039a827072b7179352570859be899b9e6551",
                "sha256:c0df57e189dacd2606cae6386acf127d01d85b2bf49acd9a65543b5d6c359ddc",
                "sha256:d523e75f2a8a0b4a6a8be1287c0e0e3a561b8832b05ddd987d4cd7c62f3ad3bc",
                "sha256:e10593c60c5f0bfd8b241bf9f27ef2191a3005b73dde8ada0424f642543a1e59",
                "sha256:e9128444c83bc260aea988bf1ca6278a33ba730955bf94720468c656b61353eb",
                "sha256:f7162f2e3711f3a08a8a741f92e1f63afd58d0713177979f2cf9723dd50161cf"
            ],
            "index": "pypi",
            "version": "==5.0b1"
        },
        "isort": {
            "hashes": [
                "sha256:54da7e92468955c4fceacd0c86bd0ec997b0e1ee80d97f67c35a78b719dccab1",
                "sha256:6e811fcb295968434526407adb8796944f1988c5b65e8139058f2014cbe100fd"
            ],
            "index": "pypi",
            "version": "==4.3.21"
        },
        "pathspec": {
            "hashes": [
                "sha256:163b0632d4e31cef212976cf57b43d9fd6b0bac6e67c26015d611a647d5e7424",
                "sha256:562aa70af2e0d434367d9790ad37aed893de47f1693e4201fd1d3dca15d19b96"
            ],
            "version": "==0.7.0"
        },
        "regex": {
            "hashes": [
                "sha256:07b39bf943d3d2fe63d46281d8504f8df0ff3fe4c57e13d1656737950e53e525",
                "sha256:0932941cdfb3afcbc26cc3bcf7c3f3d73d5a9b9c56955d432dbf8bbc147d4c5b",
                "sha256:0e182d2f097ea8549a249040922fa2b92ae28be4be4895933e369a525ba36576",
                "sha256:10671601ee06cf4dc1bc0b4805309040bb34c9af423c12c379c83d7895622bb5",
                "sha256:23e2c2c0ff50f44877f64780b815b8fd2e003cda9ce817a7fd00dea5600c84a0",
                "sha256:26ff99c980f53b3191d8931b199b29d6787c059f2e029b2b0c694343b1708c35",
                "sha256:27429b8d74ba683484a06b260b7bb00f312e7c757792628ea251afdbf1434003",
                "sha256:3e77409b678b21a056415da3a56abfd7c3ad03da71f3051bbcdb68cf44d3c34d",
                "sha256:4e8f02d3d72ca94efc8396f8036c0d3bcc812aefc28ec70f35bb888c74a25161",
                "sha256:4eae742636aec40cf7ab98171ab9400393360b97e8f9da67b1867a9ee0889b26",
                "sha256:6a6ae17bf8f2d82d1e8858a47757ce389b880083c4ff2498dba17c56e6c103b9",
                "sha256:6a6ba91b94427cd49cd27764679024b14a96874e0dc638ae6bdd4b1a3ce97be1",
                "sha256:7bcd322935377abcc79bfe5b63c44abd0b29387f267791d566bbb566edfdd146",
                "sha256:98b8ed7bb2155e2cbb8b76f627b2fd12cf4b22ab6e14873e8641f266e0fb6d8f",
                "sha256:bd25bb7980917e4e70ccccd7e3b5740614f1c408a642c245019cff9d7d1b6149",
                "sha256:d0f424328f9822b0323b3b6f2e4b9c90960b24743d220763c7f07071e0778351",
                "sha256:d58e4606da2a41659c84baeb3cfa2e4c87a74cec89a1e7c56bee4b956f9d7461",
                "sha256:e3cd21cc2840ca67de0bbe4071f79f031c81418deb544ceda93ad75ca1ee9f7b",
                "sha256:e6c02171d62ed6972ca8631f6f34fa3281d51db8b326ee397b9c83093a6b7242",
                "sha256:e7c7661f7276507bce416eaae22040fd91ca471b5b33c13f8ff21137ed6f248c",
                "sha256:ecc6de77df3ef68fee966bb8cb4e067e84d4d1f397d0ef6fce46913663540d77"
            ],
            "version": "==2020.1.8"
        },
        "toml": {
            "hashes": [
                "sha256:229f81c57791a41d65e399fc06bf0848bab550a9dfd5ed66df18ce5f05e73d5c",
                "sha256:235682dd292d5899d361a811df37e04a8828a5b1da3115886b73cf81ebc9100e"
            ],
            "version": "==0.10.0"
        },
        "typed-ast": {
            "hashes": [
                "sha256:0666aa36131496aed8f7be0410ff974562ab7eeac11ef351def9ea6fa28f6355",
                "sha256:0c2c07682d61a629b68433afb159376e24e5b2fd4641d35424e462169c0a7919",
                "sha256:249862707802d40f7f29f6e1aad8d84b5aa9e44552d2cc17384b209f091276aa",
                "sha256:24995c843eb0ad11a4527b026b4dde3da70e1f2d8806c99b7b4a7cf491612652",
                "sha256:269151951236b0f9a6f04015a9004084a5ab0d5f19b57de779f908621e7d8b75",
                "sha256:4083861b0aa07990b619bd7ddc365eb7fa4b817e99cf5f8d9cf21a42780f6e01",
                "sha256:498b0f36cc7054c1fead3d7fc59d2150f4d5c6c56ba7fb150c013fbc683a8d2d",
                "sha256:4e3e5da80ccbebfff202a67bf900d081906c358ccc3d5e3c8aea42fdfdfd51c1",
                "sha256:6daac9731f172c2a22ade6ed0c00197ee7cc1221aa84cfdf9c31defeb059a907",
                "sha256:715ff2f2df46121071622063fc7543d9b1fd19ebfc4f5c8895af64a77a8c852c",
                "sha256:73d785a950fc82dd2a25897d525d003f6378d1cb23ab305578394694202a58c3",
                "sha256:8c8aaad94455178e3187ab22c8b01a3837f8ee50e09cf31f1ba129eb293ec30b",
                "sha256:8ce678dbaf790dbdb3eba24056d5364fb45944f33553dd5869b7580cdbb83614",
                "sha256:aaee9905aee35ba5905cfb3c62f3e83b3bec7b39413f0a7f19be4e547ea01ebb",
                "sha256:bcd3b13b56ea479b3650b82cabd6b5343a625b0ced5429e4ccad28a8973f301b",
                "sha256:c9e348e02e4d2b4a8b2eedb48210430658df6951fa484e59de33ff773fbd4b41",
                "sha256:d205b1b46085271b4e15f670058ce182bd1199e56b317bf2ec004b6a44f911f6",
                "sha256:d43943ef777f9a1c42bf4e552ba23ac77a6351de620aa9acf64ad54933ad4d34",
                "sha256:d5d33e9e7af3b34a40dc05f498939f0ebf187f07c385fd58d591c533ad8562fe",
                "sha256:fc0fea399acb12edbf8a628ba8d2312f583bdbdb3335635db062fa98cf71fca4",
                "sha256:fe460b922ec15dd205595c9b5b99e2f056fd98ae8f9f56b888e7a17dc2b757e7"
            ],
            "version": "==1.4.1"
        }
    }
}
